// !$*UTF8*$!
{
	archiveVersion = 1;
	classes = {
	};
	objectVersion = 77;
	objects = {

/* Begin PBXContainerItemProxy section */
		3AFD0E622E3E946800808DD1 /* PBXContainerItemProxy */ = {
			isa = PBXContainerItemProxy;
			containerPortal = 3AFD0E4C2E3E946600808DD1 /* Project object */;
			proxyType = 1;
			remoteGlobalIDString = 3AFD0E532E3E946600808DD1;
			remoteInfo = NEWEssentialAI;
		};
		3AFD0E6C2E3E946800808DD1 /* PBXContainerItemProxy */ = {
			isa = PBXContainerItemProxy;
			containerPortal = 3AFD0E4C2E3E946600808DD1 /* Project object */;
			proxyType = 1;
			remoteGlobalIDString = 3AFD0E532E3E946600808DD1;
			remoteInfo = NEWEssentialAI;
		};
/* End PBXContainerItemProxy section */

/* Begin PBXFileReference section */
		3AFD0E542E3E946600808DD1 /* NEWEssentialAI.app */ = {isa = PBXFileReference; explicitFileType = wrapper.application; includeInIndex = 0; path = NEWEssentialAI.app; sourceTree = BUILT_PRODUCTS_DIR; };
		3AFD0E612E3E946800808DD1 /* NEWEssentialAITests.xctest */ = {isa = PBXFileReference; explicitFileType = wrapper.cfbundle; includeInIndex = 0; path = NEWEssentialAITests.xctest; sourceTree = BUILT_PRODUCTS_DIR; };
		3AFD0E6B2E3E946800808DD1 /* NEWEssentialAIUITests.xctest */ = {isa = PBXFileReference; explicitFileType = wrapper.cfbundle; includeInIndex = 0; path = NEWEssentialAIUITests.xctest; sourceTree = BUILT_PRODUCTS_DIR; };
/* End PBXFileReference section */

/* Begin PBXFileSystemSynchronizedBuildFileExceptionSet section */
		3AFD0F382E3E994B00808DD1 /* Exceptions for "NEWEssentialAI" folder in "NEWEssentialAI" target */ = {
			isa = PBXFileSystemSynchronizedBuildFileExceptionSet;
			membershipExceptions = (
				Info.plist,
			);
			target = 3AFD0E532E3E946600808DD1 /* NEWEssentialAI */;
		};
/* End PBXFileSystemSynchronizedBuildFileExceptionSet section */

/* Begin PBXFileSystemSynchronizedRootGroup section */
		3AFD0E562E3E946600808DD1 /* NEWEssentialAI */ = {
			isa = PBXFileSystemSynchronizedRootGroup;
			exceptions = (
				3AFD0F382E3E994B00808DD1 /* Exceptions for "NEWEssentialAI" folder in "NEWEssentialAI" target */,
			);
			path = NEWEssentialAI;
			sourceTree = "<group>";
		};
		3AFD0E642E3E946800808DD1 /* NEWEssentialAITests */ = {
			isa = PBXFileSystemSynchronizedRootGroup;
			path = NEWEssentialAITests;
			sourceTree = "<group>";
		};
		3AFD0E6E2E3E946800808DD1 /* NEWEssentialAIUITests */ = {
			isa = PBXFileSystemSynchronizedRootGroup;
			path = NEWEssentialAIUITests;
			sourceTree = "<group>";
		};
/* End PBXFileSystemSynchronizedRootGroup section */

/* Begin PBXFrameworksBuildPhase section */
		3AFD0E512E3E946600808DD1 /* Frameworks */ = {
			isa = PBXFrameworksBuildPhase;
			buildActionMask = 2147483647;
			files = (
			);
			runOnlyForDeploymentPostprocessing = 0;
		};
		3AFD0E5E2E3E946800808DD1 /* Frameworks */ = {
			isa = PBXFrameworksBuildPhase;
			buildActionMask = 2147483647;
			files = (
			);
			runOnlyForDeploymentPostprocessing = 0;
		};
		3AFD0E682E3E946800808DD1 /* Frameworks */ = {
			isa = PBXFrameworksBuildPhase;
			buildActionMask = 2147483647;
			files = (
			);
			runOnlyForDeploymentPostprocessing = 0;
		};
/* End PBXFrameworksBuildPhase section */

/* Begin PBXGroup section */
		3AFD0E4B2E3E946600808DD1 = {
			isa = PBXGroup;
			children = (
				3AFD0E562E3E946600808DD1 /* NEWEssentialAI */,
				3AFD0E642E3E946800808DD1 /* NEWEssentialAITests */,
				3AFD0E6E2E3E946800808DD1 /* NEWEssentialAIUITests */,
				3AFD0E552E3E946600808DD1 /* Products */,
			);
			sourceTree = "<group>";
		};
		3AFD0E552E3E946600808DD1 /* Products */ = {
			isa = PBXGroup;
			children = (
				3AFD0E542E3E946600808DD1 /* NEWEssentialAI.app */,
				3AFD0E612E3E946800808DD1 /* NEWEssentialAITests.xctest */,
				3AFD0E6B2E3E946800808DD1 /* NEWEssentialAIUITests.xctest */,
			);
			name = Products;
			sourceTree = "<group>";
		};
/* End PBXGroup section */

/* Begin PBXNativeTarget section */
		3AFD0E532E3E946600808DD1 /* NEWEssentialAI */ = {
			isa = PBXNativeTarget;
			buildConfigurationList = 3AFD0E752E3E946800808DD1 /* Build configuration list for PBXNativeTarget "NEWEssentialAI" */;
			buildPhases = (
				3AFD0E502E3E946600808DD1 /* Sources */,
				3AFD0E512E3E946600808DD1 /* Frameworks */,
				3AFD0E522E3E946600808DD1 /* Resources */,
			);
			buildRules = (
			);
			dependencies = (
			);
			fileSystemSynchronizedGroups = (
				3AFD0E562E3E946600808DD1 /* NEWEssentialAI */,
			);
			name = NEWEssentialAI;
			packageProductDependencies = (
			);
			productName = NEWEssentialAI;
			productReference = 3AFD0E542E3E946600808DD1 /* NEWEssentialAI.app */;
			productType = "com.apple.product-type.application";
		};
		3AFD0E602E3E946800808DD1 /* NEWEssentialAITests */ = {
			isa = PBXNativeTarget;
			buildConfigurationList = 3AFD0E782E3E946800808DD1 /* Build configuration list for PBXNativeTarget "NEWEssentialAITests" */;
			buildPhases = (
				3AFD0E5D2E3E946800808DD1 /* Sources */,
				3AFD0E5E2E3E946800808DD1 /* Frameworks */,
				3AFD0E5F2E3E946800808DD1 /* Resources */,
			);
			buildRules = (
			);
			dependencies = (
				3AFD0E632E3E946800808DD1 /* PBXTargetDependency */,
			);
			fileSystemSynchronizedGroups = (
				3AFD0E642E3E946800808DD1 /* NEWEssentialAITests */,
			);
			name = NEWEssentialAITests;
			packageProductDependencies = (
			);
			productName = NEWEssentialAITests;
			productReference = 3AFD0E612E3E946800808DD1 /* NEWEssentialAITests.xctest */;
			productType = "com.apple.product-type.bundle.unit-test";
		};
		3AFD0E6A2E3E946800808DD1 /* NEWEssentialAIUITests */ = {
			isa = PBXNativeTarget;
			buildConfigurationList = 3AFD0E7B2E3E946800808DD1 /* Build configuration list for PBXNativeTarget "NEWEssentialAIUITests" */;
			buildPhases = (
				3AFD0E672E3E946800808DD1 /* Sources */,
				3AFD0E682E3E946800808DD1 /* Frameworks */,
				3AFD0E692E3E946800808DD1 /* Resources */,
			);
			buildRules = (
			);
			dependencies = (
				3AFD0E6D2E3E946800808DD1 /* PBXTargetDependency */,
			);
			fileSystemSynchronizedGroups = (
				3AFD0E6E2E3E946800808DD1 /* NEWEssentialAIUITests */,
			);
			name = NEWEssentialAIUITests;
			packageProductDependencies = (
			);
			productName = NEWEssentialAIUITests;
			productReference = 3AFD0E6B2E3E946800808DD1 /* NEWEssentialAIUITests.xctest */;
			productType = "com.apple.product-type.bundle.ui-testing";
		};
/* End PBXNativeTarget section */

/* Begin PBXProject section */
		3AFD0E4C2E3E946600808DD1 /* Project object */ = {
			isa = PBXProject;
			attributes = {
				BuildIndependentTargetsInParallel = 1;
				LastSwiftUpdateCheck = 1640;
				LastUpgradeCheck = 1640;
				TargetAttributes = {
					3AFD0E532E3E946600808DD1 = {
						CreatedOnToolsVersion = 16.4;
					};
					3AFD0E602E3E946800808DD1 = {
						CreatedOnToolsVersion = 16.4;
						TestTargetID = 3AFD0E532E3E946600808DD1;
					};
					3AFD0E6A2E3E946800808DD1 = {
						CreatedOnToolsVersion = 16.4;
						TestTargetID = 3AFD0E532E3E946600808DD1;
					};
				};
			};
			buildConfigurationList = 3AFD0E4F2E3E946600808DD1 /* Build configuration list for PBXProject "NEWEssentialAI" */;
			developmentRegion = en;
			hasScannedForEncodings = 0;
			knownRegions = (
				en,
				Base,
			);
			mainGroup = 3AFD0E4B2E3E946600808DD1;
			minimizedProjectReferenceProxies = 1;
			preferredProjectObjectVersion = 77;
			productRefGroup = 3AFD0E552E3E946600808DD1 /* Products */;
			projectDirPath = "";
			projectRoot = "";
			targets = (
				3AFD0E532E3E946600808DD1 /* NEWEssentialAI */,
				3AFD0E602E3E946800808DD1 /* NEWEssentialAITests */,
				3AFD0E6A2E3E946800808DD1 /* NEWEssentialAIUITests */,
			);
		};
/* End PBXProject section */

/* Begin PBXResourcesBuildPhase section */
		3AFD0E522E3E946600808DD1 /* Resources */ = {
			isa = PBXResourcesBuildPhase;
			buildActionMask = 2147483647;
			files = (
			);
			runOnlyForDeploymentPostprocessing = 0;
		};
		3AFD0E5F2E3E946800808DD1 /* Resources */ = {
			isa = PBXResourcesBuildPhase;
			buildActionMask = 2147483647;
			files = (
			);
			runOnlyForDeploymentPostprocessing = 0;
		};
		3AFD0E692E3E946800808DD1 /* Resources */ = {
			isa = PBXResourcesBuildPhase;
			buildActionMask = 2147483647;
			files = (
			);
			runOnlyForDeploymentPostprocessing = 0;
		};
/* End PBXResourcesBuildPhase section */

/* Begin PBXSourcesBuildPhase section */
		3AFD0E502E3E946600808DD1 /* Sources */ = {
			isa = PBXSourcesBuildPhase;
			buildActionMask = 2147483647;
			files = (
			);
			runOnlyForDeploymentPostprocessing = 0;
		};
		3AFD0E5D2E3E946800808DD1 /* Sources */ = {
			isa = PBXSourcesBuildPhase;
			buildActionMask = 2147483647;
			files = (
			);
			runOnlyForDeploymentPostprocessing = 0;
		};
		3AFD0E672E3E946800808DD1 /* Sources */ = {
			isa = PBXSourcesBuildPhase;
			buildActionMask = 2147483647;
			files = (
			);
			runOnlyForDeploymentPostprocessing = 0;
		};
/* End PBXSourcesBuildPhase section */

/* Begin PBXTargetDependency section */
		3AFD0E632E3E946800808DD1 /* PBXTargetDependency */ = {
			isa = PBXTargetDependency;
			target = 3AFD0E532E3E946600808DD1 /* NEWEssentialAI */;
			targetProxy = 3AFD0E622E3E946800808DD1 /* PBXContainerItemProxy */;
		};
		3AFD0E6D2E3E946800808DD1 /* PBXTargetDependency */ = {
			isa = PBXTargetDependency;
			target = 3AFD0E532E3E946600808DD1 /* NEWEssentialAI */;
			targetProxy = 3AFD0E6C2E3E946800808DD1 /* PBXContainerItemProxy */;
		};
/* End PBXTargetDependency section */

/* Begin XCBuildConfiguration section */
		3AFD0E732E3E946800808DD1 /* Debug */ = {
			isa = XCBuildConfiguration;
			buildSettings = {
				ALWAYS_SEARCH_USER_PATHS = NO;
				ASSETCATALOG_COMPILER_GENERATE_SWIFT_ASSET_SYMBOL_EXTENSIONS = YES;
				CLANG_ANALYZER_NONNULL = YES;
				CLANG_ANALYZER_NUMBER_OBJECT_CONVERSION = YES_AGGRESSIVE;
				CLANG_CXX_LANGUAGE_STANDARD = "gnu++20";
				CLANG_ENABLE_MODULES = YES;
				CLANG_ENABLE_OBJC_ARC = YES;
				CLANG_ENABLE_OBJC_WEAK = YES;
				CLANG_WARN_BLOCK_CAPTURE_AUTORELEASING = YES;
				CLANG_WARN_BOOL_CONVERSION = YES;
				CLANG_WARN_COMMA = YES;
				CLANG_WARN_CONSTANT_CONVERSION = YES;
				CLANG_WARN_DEPRECATED_OBJC_IMPLEMENTATIONS = YES;
				CLANG_WARN_DIRECT_OBJC_ISA_USAGE = YES_ERROR;
				CLANG_WARN_DOCUMENTATION_COMMENTS = YES;
				CLANG_WARN_EMPTY_BODY = YES;
				CLANG_WARN_ENUM_CONVERSION = YES;
				CLANG_WARN_INFINITE_RECURSION = YES;
				CLANG_WARN_INT_CONVERSION = YES;
				CLANG_WARN_NON_LITERAL_NULL_CONVERSION = YES;
				CLANG_WARN_OBJC_IMPLICIT_RETAIN_SELF = YES;
				CLANG_WARN_OBJC_LITERAL_CONVERSION = YES;
				CLANG_WARN_OBJC_ROOT_CLASS = YES_ERROR;
				CLANG_WARN_QUOTED_INCLUDE_IN_FRAMEWORK_HEADER = YES;
				CLANG_WARN_RANGE_LOOP_ANALYSIS = YES;
				CLANG_WARN_STRICT_PROTOTYPES = YES;
				CLANG_WARN_SUSPICIOUS_MOVE = YES;
				CLANG_WARN_UNGUARDED_AVAILABILITY = YES_AGGRESSIVE;
				CLANG_WARN_UNREACHABLE_CODE = YES;
				CLANG_WARN__DUPLICATE_METHOD_MATCH = YES;
				COPY_PHASE_STRIP = NO;
				DEBUG_INFORMATION_FORMAT = dwarf;
				DEVELOPMENT_TEAM = WXZSN2D386;
				ENABLE_STRICT_OBJC_MSGSEND = YES;
				ENABLE_TESTABILITY = YES;
				ENABLE_USER_SCRIPT_SANDBOXING = YES;
				GCC_C_LANGUAGE_STANDARD = gnu17;
				GCC_DYNAMIC_NO_PIC = NO;
				GCC_NO_COMMON_BLOCKS = YES;
				GCC_OPTIMIZATION_LEVEL = 0;
				GCC_PREPROCESSOR_DEFINITIONS = (
					"DEBUG=1",
					"$(inherited)",
				);
				GCC_WARN_64_TO_32_BIT_CONVERSION = YES;
				GCC_WARN_ABOUT_RETURN_TYPE = YES_ERROR;
				GCC_WARN_UNDECLARED_SELECTOR = YES;
				GCC_WARN_UNINITIALIZED_AUTOS = YES_AGGRESSIVE;
				GCC_WARN_UNUSED_FUNCTION = YES;
				GCC_WARN_UNUSED_VARIABLE = YES;
				IPHONEOS_DEPLOYMENT_TARGET = 18.5;
				LOCALIZATION_PREFERS_STRING_CATALOGS = YES;
				MTL_ENABLE_DEBUG_INFO = INCLUDE_SOURCE;
				MTL_FAST_MATH = YES;
				ONLY_ACTIVE_ARCH = YES;
				SDKROOT = iphoneos;
				SWIFT_ACTIVE_COMPILATION_CONDITIONS = "DEBUG $(inherited)";
				SWIFT_OPTIMIZATION_LEVEL = "-Onone";
			};
			name = Debug;
		};
		3AFD0E742E3E946800808DD1 /* Release */ = {
			isa = XCBuildConfiguration;
			buildSettings = {
				ALWAYS_SEARCH_USER_PATHS = NO;
				ASSETCATALOG_COMPILER_GENERATE_SWIFT_ASSET_SYMBOL_EXTENSIONS = YES;
				CLANG_ANALYZER_NONNULL = YES;
				CLANG_ANALYZER_NUMBER_OBJECT_CONVERSION = YES_AGGRESSIVE;
				CLANG_CXX_LANGUAGE_STANDARD = "gnu++20";
				CLANG_ENABLE_MODULES = YES;
				CLANG_ENABLE_OBJC_ARC = YES;
				CLANG_ENABLE_OBJC_WEAK = YES;
				CLANG_WARN_BLOCK_CAPTURE_AUTORELEASING = YES;
				CLANG_WARN_BOOL_CONVERSION = YES;
				CLANG_WARN_COMMA = YES;
				CLANG_WARN_CONSTANT_CONVERSION = YES;
				CLANG_WARN_DEPRECATED_OBJC_IMPLEMENTATIONS = YES;
				CLANG_WARN_DIRECT_OBJC_ISA_USAGE = YES_ERROR;
				CLANG_WARN_DOCUMENTATION_COMMENTS = YES;
				CLANG_WARN_EMPTY_BODY = YES;
				CLANG_WARN_ENUM_CONVERSION = YES;
				CLANG_WARN_INFINITE_RECURSION = YES;
				CLANG_WARN_INT_CONVERSION = YES;
				CLANG_WARN_NON_LITERAL_NULL_CONVERSION = YES;
				CLANG_WARN_OBJC_IMPLICIT_RETAIN_SELF = YES;
				CLANG_WARN_OBJC_LITERAL_CONVERSION = YES;
				CLANG_WARN_OBJC_ROOT_CLASS = YES_ERROR;
				CLANG_WARN_QUOTED_INCLUDE_IN_FRAMEWORK_HEADER = YES;
				CLANG_WARN_RANGE_LOOP_ANALYSIS = YES;
				CLANG_WARN_STRICT_PROTOTYPES = YES;
				CLANG_WARN_SUSPICIOUS_MOVE = YES;
				CLANG_WARN_UNGUARDED_AVAILABILITY = YES_AGGRESSIVE;
				CLANG_WARN_UNREACHABLE_CODE = YES;
				CLANG_WARN__DUPLICATE_METHOD_MATCH = YES;
				COPY_PHASE_STRIP = NO;
				DEBUG_INFORMATION_FORMAT = "dwarf-with-dsym";
				DEVELOPMENT_TEAM = WXZSN2D386;
				ENABLE_NS_ASSERTIONS = NO;
				ENABLE_STRICT_OBJC_MSGSEND = YES;
				ENABLE_USER_SCRIPT_SANDBOXING = YES;
				GCC_C_LANGUAGE_STANDARD = gnu17;
				GCC_NO_COMMON_BLOCKS = YES;
				GCC_WARN_64_TO_32_BIT_CONVERSION = YES;
				GCC_WARN_ABOUT_RETURN_TYPE = YES_ERROR;
				GCC_WARN_UNDECLARED_SELECTOR = YES;
				GCC_WARN_UNINITIALIZED_AUTOS = YES_AGGRESSIVE;
				GCC_WARN_UNUSED_FUNCTION = YES;
				GCC_WARN_UNUSED_VARIABLE = YES;
				IPHONEOS_DEPLOYMENT_TARGET = 18.5;
				LOCALIZATION_PREFERS_STRING_CATALOGS = YES;
				MTL_ENABLE_DEBUG_INFO = NO;
				MTL_FAST_MATH = YES;
				SDKROOT = iphoneos;
				SWIFT_COMPILATION_MODE = wholemodule;
				VALIDATE_PRODUCT = YES;
			};
			name = Release;
		};
		3AFD0E762E3E946800808DD1 /* Debug */ = {
			isa = XCBuildConfiguration;
			buildSettings = {
				ASSETCATALOG_COMPILER_APPICON_NAME = AppIcon;
				ASSETCATALOG_COMPILER_GLOBAL_ACCENT_COLOR_NAME = AccentColor;
				CODE_SIGN_STYLE = Automatic;
				CURRENT_PROJECT_VERSION = 1;
				DEVELOPMENT_TEAM = WXZSN2D386;
				ENABLE_PREVIEWS = YES;
				GENERATE_INFOPLIST_FILE = YES;
				INFOPLIST_FILE = NEWEssentialAI/Info.plist;
				INFOPLIST_KEY_UIApplicationSceneManifest_Generation = YES;
				INFOPLIST_KEY_UIApplicationSupportsIndirectInputEvents = YES;
				INFOPLIST_KEY_UILaunchScreen_Generation = YES;
				INFOPLIST_KEY_UISupportedInterfaceOrientations_iPad = "UIInterfaceOrientationPortrait UIInterfaceOrientationPortraitUpsideDown UIInterfaceOrientationLandscapeLeft UIInterfaceOrientationLandscapeRight";
				INFOPLIST_KEY_UISupportedInterfaceOrientations_iPhone = "UIInterfaceOrientationPortrait UIInterfaceOrientationLandscapeLeft UIInterfaceOrientationLandscapeRight";
				LD_RUNPATH_SEARCH_PATHS = (
					"$(inherited)",
					"@executable_path/Frameworks",
				);
				MARKETING_VERSION = 1.0;
				PRODUCT_BUNDLE_IDENTIFIER = com.example.AA.NEWEssentialAI;
				PRODUCT_NAME = "$(TARGET_NAME)";
				SWIFT_EMIT_LOC_STRINGS = YES;
				SWIFT_VERSION = 5.0;
				TARGETED_DEVICE_FAMILY = "1,2";
			};
			name = Debug;
		};
		3AFD0E772E3E946800808DD1 /* Release */ = {
			isa = XCBuildConfiguration;
			buildSettings = {
				ASSETCATALOG_COMPILER_APPICON_NAME = AppIcon;
				ASSETCATALOG_COMPILER_GLOBAL_ACCENT_COLOR_NAME = AccentColor;
				CODE_SIGN_STYLE = Automatic;
				CURRENT_PROJECT_VERSION = 1;
				DEVELOPMENT_TEAM = WXZSN2D386;
				ENABLE_PREVIEWS = YES;
				GENERATE_INFOPLIST_FILE = YES;
				INFOPLIST_FILE = NEWEssentialAI/Info.plist;
				INFOPLIST_KEY_UIApplicationSceneManifest_Generation = YES;
				INFOPLIST_KEY_UIApplicationSupportsIndirectInputEvents = YES;
				INFOPLIST_KEY_UILaunchScreen_Generation = YES;
				INFOPLIST_KEY_UISupportedInterfaceOrientations_iPad = "UIInterfaceOrientationPortrait UIInterfaceOrientationPortraitUpsideDown UIInterfaceOrientationLandscapeLeft UIInterfaceOrientationLandscapeRight";
				INFOPLIST_KEY_UISupportedInterfaceOrientations_iPhone = "UIInterfaceOrientationPortrait UIInterfaceOrientationLandscapeLeft UIInterfaceOrientationLandscapeRight";
				LD_RUNPATH_SEARCH_PATHS = (
					"$(inherited)",
					"@executable_path/Frameworks",
				);
				MARKETING_VERSION = 1.0;
				PRODUCT_BUNDLE_IDENTIFIER = com.example.AA.NEWEssentialAI;
				PRODUCT_NAME = "$(TARGET_NAME)";
				SWIFT_EMIT_LOC_STRINGS = YES;
				SWIFT_VERSION = 5.0;
				TARGETED_DEVICE_FAMILY = "1,2";
			};
			name = Release;
		};
		3AFD0E792E3E946800808DD1 /* Debug */ = {
			isa = XCBuildConfiguration;
			buildSettings = {
				BUNDLE_LOADER = "$(TEST_HOST)";
				CODE_SIGN_STYLE = Automatic;
				CURRENT_PROJECT_VERSION = 1;
				DEVELOPMENT_TEAM = WXZSN2D386;
				GENERATE_INFOPLIST_FILE = YES;
				IPHONEOS_DEPLOYMENT_TARGET = 18.5;
				MARKETING_VERSION = 1.0;
				PRODUCT_BUNDLE_IDENTIFIER = com.example.AA.NEWEssentialAITests;
				PRODUCT_NAME = "$(TARGET_NAME)";
				SWIFT_EMIT_LOC_STRINGS = NO;
				SWIFT_VERSION = 5.0;
				TARGETED_DEVICE_FAMILY = "1,2";
				TEST_HOST = "$(BUILT_PRODUCTS_DIR)/NEWEssentialAI.app/$(BUNDLE_EXECUTABLE_FOLDER_PATH)/NEWEssentialAI";
			};
			name = Debug;
		};
		3AFD0E7A2E3E946800808DD1 /* Release */ = {
			isa = XCBuildConfiguration;
			buildSettings = {
				BUNDLE_LOADER = "$(TEST_HOST)";
				CODE_SIGN_STYLE = Automatic;
				CURRENT_PROJECT_VERSION = 1;
				DEVELOPMENT_TEAM = WXZSN2D386;
				GENERATE_INFOPLIST_FILE = YES;
				IPHONEOS_DEPLOYMENT_TARGET = 18.5;
				MARKETING_VERSION = 1.0;
				PRODUCT_BUNDLE_IDENTIFIER = com.example.AA.NEWEssentialAITests;
				PRODUCT_NAME = "$(TARGET_NAME)";
				SWIFT_EMIT_LOC_STRINGS = NO;
				SWIFT_VERSION = 5.0;
				TARGETED_DEVICE_FAMILY = "1,2";
				TEST_HOST = "$(BUILT_PRODUCTS_DIR)/NEWEssentialAI.app/$(BUNDLE_EXECUTABLE_FOLDER_PATH)/NEWEssentialAI";
			};
			name = Release;
		};
		3AFD0E7C2E3E946800808DD1 /* Debug */ = {
			isa = XCBuildConfiguration;
			buildSettings = {
				CODE_SIGN_STYLE = Automatic;
				CURRENT_PROJECT_VERSION = 1;
				DEVELOPMENT_TEAM = WXZSN2D386;
				GENERATE_INFOPLIST_FILE = YES;
				MARKETING_VERSION = 1.0;
				PRODUCT_BUNDLE_IDENTIFIER = com.example.AA.NEWEssentialAIUITests;
				PRODUCT_NAME = "$(TARGET_NAME)";
				SWIFT_EMIT_LOC_STRINGS = NO;
				SWIFT_VERSION = 5.0;
				TARGETED_DEVICE_FAMILY = "1,2";
				TEST_TARGET_NAME = NEWEssentialAI;
			};
			name = Debug;
		};
		3AFD0E7D2E3E946800808DD1 /* Release */ = {
			isa = XCBuildConfiguration;
			buildSettings = {
				CODE_SIGN_STYLE = Automatic;
				CURRENT_PROJECT_VERSION = 1;
				DEVELOPMENT_TEAM = WXZSN2D386;
				GENERATE_INFOPLIST_FILE = YES;
				MARKETING_VERSION = 1.0;
				PRODUCT_BUNDLE_IDENTIFIER = com.example.AA.NEWEssentialAIUITests;
				PRODUCT_NAME = "$(TARGET_NAME)";
				SWIFT_EMIT_LOC_STRINGS = NO;
				SWIFT_VERSION = 5.0;
				TARGETED_DEVICE_FAMILY = "1,2";
				TEST_TARGET_NAME = NEWEssentialAI;
			};
			name = Release;
		};
/* End XCBuildConfiguration section */

/* Begin XCConfigurationList section */
		3AFD0E4F2E3E946600808DD1 /* Build configuration list for PBXProject "NEWEssentialAI" */ = {
			isa = XCConfigurationList;
			buildConfigurations = (
				3AFD0E732E3E946800808DD1 /* Debug */,
				3AFD0E742E3E946800808DD1 /* Release */,
			);
			defaultConfigurationIsVisible = 0;
			defaultConfigurationName = Release;
		};
		3AFD0E752E3E946800808DD1 /* Build configuration list for PBXNativeTarget "NEWEssentialAI" */ = {
			isa = XCConfigurationList;
			buildConfigurations = (
				3AFD0E762E3E946800808DD1 /* Debug */,
				3AFD0E772E3E946800808DD1 /* Release */,
			);
			defaultConfigurationIsVisible = 0;
			defaultConfigurationName = Release;
		};
		3AFD0E782E3E946800808DD1 /* Build configuration list for PBXNativeTarget "NEWEssentialAITests" */ = {
			isa = XCConfigurationList;
			buildConfigurations = (
				3AFD0E792E3E946800808DD1 /* Debug */,
				3AFD0E7A2E3E946800808DD1 /* Release */,
			);
			defaultConfigurationIsVisible = 0;
			defaultConfigurationName = Release;
		};
		3AFD0E7B2E3E946800808DD1 /* Build configuration list for PBXNativeTarget "NEWEssentialAIUITests" */ = {
			isa = XCConfigurationList;
			buildConfigurations = (
				3AFD0E7C2E3E946800808DD1 /* Debug */,
				3AFD0E7D2E3E946800808DD1 /* Release */,
			);
			defaultConfigurationIsVisible = 0;
			defaultConfigurationName = Release;
		};
/* End XCConfigurationList section */
	};
	rootObject = 3AFD0E4C2E3E946600808DD1 /* Project object */;
}
